
Microsoft Visual Studio Solution File, Format Version 12.00
# Visual Studio Version 16
VisualStudioVersion = 16.0.29201.188
MinimumVisualStudioVersion = 10.0.40219.1
Project("{E24C65DC-7377-472B-9ABA-BC803B73C61A}") = "MSSQLNodeApi", ".", "{57793350-8021-4F26-94EA-B4D4C9F534E6}"
	ProjectSection(WebsiteProperties) = preProject
		TargetFrameworkMoniker = ".NETFramework,Version%3Dv4.0"
		Debug.AspNetCompiler.VirtualPath = "/localhost_59670"
		Debug.AspNetCompiler.PhysicalPath = "..\MSSQLNodeApi\"
		Debug.AspNetCompiler.TargetPath = "PrecompiledWeb\localhost_59670\"
		Debug.AspNetCompiler.Updateable = "true"
		Debug.AspNetCompiler.ForceOverwrite = "true"
		Debug.AspNetCompiler.FixedNames = "false"
		Debug.AspNetCompiler.Debug = "True"
		Release.AspNetCompiler.VirtualPath = "/localhost_59670"
		Release.AspNetCompiler.PhysicalPath = "..\MSSQLNodeApi\"
		Release.AspNetCompiler.TargetPath = "PrecompiledWeb\localhost_59670\"
		Release.AspNetCompiler.Updateable = "true"
		Release.AspNetCompiler.ForceOverwrite = "true"
		Release.AspNetCompiler.FixedNames = "false"
		Release.AspNetCompiler.Debug = "False"
		VWDPort = "59670"
		SlnRelativePath = "..\MSSQLNodeApi\"
	EndProjectSection
EndProject
Global
	GlobalSection(SolutionConfigurationPlatforms) = preSolution
		Debug|Any CPU = Debug|Any CPU
	EndGlobalSection
	GlobalSection(ProjectConfigurationPlatforms) = postSolution
		{57793350-8021-4F26-94EA-B4D4C9F534E6}.Debug|Any CPU.ActiveCfg = Debug|Any CPU
		{57793350-8021-4F26-94EA-B4D4C9F534E6}.Debug|Any CPU.Build.0 = Debug|Any CPU
	EndGlobalSection
	GlobalSection(SolutionProperties) = preSolution
		HideSolutionNode = FALSE
	EndGlobalSection
	GlobalSection(ExtensibilityGlobals) = postSolution
		SolutionGuid = {B257E47F-2DA4-47FA-8830-C8A6BA22DFA9}
	EndGlobalSection
EndGlobal
